
Microsoft Visual Studio Solution File, Format Version 12.00
# Visual Studio 14
VisualStudioVersion = 14.0.23107.0
MinimumVisualStudioVersion = 10.0.40219.1
Project("{FAE04EC0-301F-11D3-BF4B-00C04F79EFBC}") = "PROJECT_TAP", "PROJECT_TAP\PROJECT_TAP.csproj", "{4C1D3317-8EF5-4776-8188-AB242082A72B}"
EndProject
Project("{FAE04EC0-301F-11D3-BF4B-00C04F79EFBC}") = "MyExtensionMethods", "..\TRABALHO DE TAP\Project_TAP_RECURSOS\MyExtensionMethods\MyExtensionMethods.csproj", "{DBC9D4A1-E197-4A22-A52D-2F4FCEFD502C}"
EndProject
Global
	GlobalSection(SolutionConfigurationPlatforms) = preSolution
		Debug|Any CPU = Debug|Any CPU
		Release|Any CPU = Release|Any CPU
	EndGlobalSection
	GlobalSection(ProjectConfigurationPlatforms) = postSolution
		{4C1D3317-8EF5-4776-8188-AB242082A72B}.Debug|Any CPU.ActiveCfg = Debug|Any CPU
		{4C1D3317-8EF5-4776-8188-AB242082A72B}.Debug|Any CPU.Build.0 = Debug|Any CPU
		{4C1D3317-8EF5-4776-8188-AB242082A72B}.Release|Any CPU.ActiveCfg = Release|Any CPU
		{4C1D3317-8EF5-4776-8188-AB242082A72B}.Release|Any CPU.Build.0 = Release|Any CPU
		{DBC9D4A1-E197-4A22-A52D-2F4FCEFD502C}.Debug|Any CPU.ActiveCfg = Debug|Any CPU
		{DBC9D4A1-E197-4A22-A52D-2F4FCEFD502C}.Debug|Any CPU.Build.0 = Debug|Any CPU
		{DBC9D4A1-E197-4A22-A52D-2F4FCEFD502C}.Release|Any CPU.ActiveCfg = Release|Any CPU
		{DBC9D4A1-E197-4A22-A52D-2F4FCEFD502C}.Release|Any CPU.Build.0 = Release|Any CPU
	EndGlobalSection
	GlobalSection(SolutionProperties) = preSolution
		HideSolutionNode = FALSE
	EndGlobalSection
EndGlobal
